// !$*UTF8*$!
{
	archiveVersion = 1;
	classes = {
	};
	objectVersion = 50;
	objects = {

/* Begin PBXBuildFile section */
		931102C0250D0542007D4AC3 /* AppDelegate.swift in Sources */ = {isa = PBXBuildFile; fileRef = 931102BF250D0542007D4AC3 /* AppDelegate.swift */; };
		931102C2250D0542007D4AC3 /* SceneDelegate.swift in Sources */ = {isa = PBXBuildFile; fileRef = 931102C1250D0542007D4AC3 /* SceneDelegate.swift */; };
		931102C4250D0542007D4AC3 /* ConversationVC.swift in Sources */ = {isa = PBXBuildFile; fileRef = 931102C3250D0542007D4AC3 /* ConversationVC.swift */; };
		931102C7250D0542007D4AC3 /* Main.storyboard in Resources */ = {isa = PBXBuildFile; fileRef = 931102C5250D0542007D4AC3 /* Main.storyboard */; };
		931102C9250D0544007D4AC3 /* Assets.xcassets in Resources */ = {isa = PBXBuildFile; fileRef = 931102C8250D0544007D4AC3 /* Assets.xcassets */; };
		931102CC250D0544007D4AC3 /* LaunchScreen.storyboard in Resources */ = {isa = PBXBuildFile; fileRef = 931102CA250D0544007D4AC3 /* LaunchScreen.storyboard */; };
		931102DA250D0A01007D4AC3 /* LoginVC.swift in Sources */ = {isa = PBXBuildFile; fileRef = 931102D9250D0A01007D4AC3 /* LoginVC.swift */; };
		931102DC250D0A1E007D4AC3 /* RegisterVC.swift in Sources */ = {isa = PBXBuildFile; fileRef = 931102DB250D0A1E007D4AC3 /* RegisterVC.swift */; };
		931102DE250D0A61007D4AC3 /* PhotoViewerVC.swift in Sources */ = {isa = PBXBuildFile; fileRef = 931102DD250D0A61007D4AC3 /* PhotoViewerVC.swift */; };
		931102E1250D0A92007D4AC3 /* VideoPlayerVC.swift in Sources */ = {isa = PBXBuildFile; fileRef = 931102E0250D0A92007D4AC3 /* VideoPlayerVC.swift */; };
		931102E3250D0AE3007D4AC3 /* NewConversationVC.swift in Sources */ = {isa = PBXBuildFile; fileRef = 931102E2250D0AE3007D4AC3 /* NewConversationVC.swift */; };
		931102E5250D0B03007D4AC3 /* ProfileVC.swift in Sources */ = {isa = PBXBuildFile; fileRef = 931102E4250D0B03007D4AC3 /* ProfileVC.swift */; };
		931102E8250D1666007D4AC3 /* Extentions.swift in Sources */ = {isa = PBXBuildFile; fileRef = 931102E7250D1666007D4AC3 /* Extentions.swift */; };
/* End PBXBuildFile section */

/* Begin PBXFileReference section */
		931102BC250D0542007D4AC3 /* Chat_App.app */ = {isa = PBXFileReference; explicitFileType = wrapper.application; includeInIndex = 0; path = Chat_App.app; sourceTree = BUILT_PRODUCTS_DIR; };
		931102BF250D0542007D4AC3 /* AppDelegate.swift */ = {isa = PBXFileReference; lastKnownFileType = sourcecode.swift; path = AppDelegate.swift; sourceTree = "<group>"; };
		931102C1250D0542007D4AC3 /* SceneDelegate.swift */ = {isa = PBXFileReference; lastKnownFileType = sourcecode.swift; path = SceneDelegate.swift; sourceTree = "<group>"; };
		931102C3250D0542007D4AC3 /* ConversationVC.swift */ = {isa = PBXFileReference; lastKnownFileType = sourcecode.swift; path = ConversationVC.swift; sourceTree = "<group>"; };
		931102C6250D0542007D4AC3 /* Base */ = {isa = PBXFileReference; lastKnownFileType = file.storyboard; name = Base; path = Base.lproj/Main.storyboard; sourceTree = "<group>"; };
		931102C8250D0544007D4AC3 /* Assets.xcassets */ = {isa = PBXFileReference; lastKnownFileType = folder.assetcatalog; path = Assets.xcassets; sourceTree = "<group>"; };
		931102CB250D0544007D4AC3 /* Base */ = {isa = PBXFileReference; lastKnownFileType = file.storyboard; name = Base; path = Base.lproj/LaunchScreen.storyboard; sourceTree = "<group>"; };
		931102CD250D0544007D4AC3 /* Info.plist */ = {isa = PBXFileReference; lastKnownFileType = text.plist.xml; path = Info.plist; sourceTree = "<group>"; };
		931102D9250D0A01007D4AC3 /* LoginVC.swift */ = {isa = PBXFileReference; lastKnownFileType = sourcecode.swift; path = LoginVC.swift; sourceTree = "<group>"; };
		931102DB250D0A1E007D4AC3 /* RegisterVC.swift */ = {isa = PBXFileReference; lastKnownFileType = sourcecode.swift; path = RegisterVC.swift; sourceTree = "<group>"; };
		931102DD250D0A61007D4AC3 /* PhotoViewerVC.swift */ = {isa = PBXFileReference; lastKnownFileType = sourcecode.swift; path = PhotoViewerVC.swift; sourceTree = "<group>"; };
		931102E0250D0A92007D4AC3 /* VideoPlayerVC.swift */ = {isa = PBXFileReference; lastKnownFileType = sourcecode.swift; path = VideoPlayerVC.swift; sourceTree = "<group>"; };
		931102E2250D0AE3007D4AC3 /* NewConversationVC.swift */ = {isa = PBXFileReference; lastKnownFileType = sourcecode.swift; path = NewConversationVC.swift; sourceTree = "<group>"; };
		931102E4250D0B03007D4AC3 /* ProfileVC.swift */ = {isa = PBXFileReference; lastKnownFileType = sourcecode.swift; path = ProfileVC.swift; sourceTree = "<group>"; };
		931102E7250D1666007D4AC3 /* Extentions.swift */ = {isa = PBXFileReference; lastKnownFileType = sourcecode.swift; path = Extentions.swift; sourceTree = "<group>"; };
/* End PBXFileReference section */

/* Begin PBXFrameworksBuildPhase section */
		931102B9250D0542007D4AC3 /* Frameworks */ = {
			isa = PBXFrameworksBuildPhase;
			buildActionMask = 2147483647;
			files = (
			);
			runOnlyForDeploymentPostprocessing = 0;
		};
/* End PBXFrameworksBuildPhase section */

/* Begin PBXGroup section */
		931102B3250D0542007D4AC3 = {
			isa = PBXGroup;
			children = (
				931102BE250D0542007D4AC3 /* Chat_App */,
				931102BD250D0542007D4AC3 /* Products */,
			);
			sourceTree = "<group>";
		};
		931102BD250D0542007D4AC3 /* Products */ = {
			isa = PBXGroup;
			children = (
				931102BC250D0542007D4AC3 /* Chat_App.app */,
			);
			name = Products;
			sourceTree = "<group>";
		};
		931102BE250D0542007D4AC3 /* Chat_App */ = {
			isa = PBXGroup;
			children = (
				931102D7250D088C007D4AC3 /* Resources */,
				931102D6250D0884007D4AC3 /* ViewModels */,
				931102D5250D087C007D4AC3 /* Models */,
				931102D4250D086A007D4AC3 /* Views */,
				931102C8250D0544007D4AC3 /* Assets.xcassets */,
				931102D3250D083B007D4AC3 /* Controllers */,
				931102CD250D0544007D4AC3 /* Info.plist */,
			);
			path = Chat_App;
			sourceTree = "<group>";
		};
		931102D3250D083B007D4AC3 /* Controllers */ = {
			isa = PBXGroup;
			children = (
				931102C3250D0542007D4AC3 /* ConversationVC.swift */,
				931102E6250D0E86007D4AC3 /* Login */,
				931102DD250D0A61007D4AC3 /* PhotoViewerVC.swift */,
				931102E0250D0A92007D4AC3 /* VideoPlayerVC.swift */,
				931102E2250D0AE3007D4AC3 /* NewConversationVC.swift */,
				931102E4250D0B03007D4AC3 /* ProfileVC.swift */,
			);
			path = Controllers;
			sourceTree = "<group>";
		};
		931102D4250D086A007D4AC3 /* Views */ = {
			isa = PBXGroup;
			children = (
				931102D8250D08B6007D4AC3 /* Storyboards */,
			);
			path = Views;
			sourceTree = "<group>";
		};
		931102D5250D087C007D4AC3 /* Models */ = {
			isa = PBXGroup;
			children = (
			);
			path = Models;
			sourceTree = "<group>";
		};
		931102D6250D0884007D4AC3 /* ViewModels */ = {
			isa = PBXGroup;
			children = (
			);
			path = ViewModels;
			sourceTree = "<group>";
		};
		931102D7250D088C007D4AC3 /* Resources */ = {
			isa = PBXGroup;
			children = (
				931102BF250D0542007D4AC3 /* AppDelegate.swift */,
				931102C1250D0542007D4AC3 /* SceneDelegate.swift */,
				931102E7250D1666007D4AC3 /* Extentions.swift */,
			);
			path = Resources;
			sourceTree = "<group>";
		};
		931102D8250D08B6007D4AC3 /* Storyboards */ = {
			isa = PBXGroup;
			children = (
				931102C5250D0542007D4AC3 /* Main.storyboard */,
				931102CA250D0544007D4AC3 /* LaunchScreen.storyboard */,
			);
			path = Storyboards;
			sourceTree = "<group>";
		};
		931102E6250D0E86007D4AC3 /* Login */ = {
			isa = PBXGroup;
			children = (
				931102D9250D0A01007D4AC3 /* LoginVC.swift */,
				931102DB250D0A1E007D4AC3 /* RegisterVC.swift */,
			);
			path = Login;
			sourceTree = "<group>";
		};
/* End PBXGroup section */

/* Begin PBXNativeTarget section */
		931102BB250D0542007D4AC3 /* Chat_App */ = {
			isa = PBXNativeTarget;
			buildConfigurationList = 931102D0250D0544007D4AC3 /* Build configuration list for PBXNativeTarget "Chat_App" */;
			buildPhases = (
				931102B8250D0542007D4AC3 /* Sources */,
				931102B9250D0542007D4AC3 /* Frameworks */,
				931102BA250D0542007D4AC3 /* Resources */,
			);
			buildRules = (
			);
			dependencies = (
			);
			name = Chat_App;
			productName = Chat_App;
			productReference = 931102BC250D0542007D4AC3 /* Chat_App.app */;
			productType = "com.apple.product-type.application";
		};
/* End PBXNativeTarget section */

/* Begin PBXProject section */
		931102B4250D0542007D4AC3 /* Project object */ = {
			isa = PBXProject;
			attributes = {
				LastSwiftUpdateCheck = 1170;
				LastUpgradeCheck = 1170;
				ORGANIZATIONNAME = "saad sherif";
				TargetAttributes = {
					931102BB250D0542007D4AC3 = {
						CreatedOnToolsVersion = 11.7;
					};
				};
			};
			buildConfigurationList = 931102B7250D0542007D4AC3 /* Build configuration list for PBXProject "Chat_App" */;
			compatibilityVersion = "Xcode 9.3";
			developmentRegion = en;
			hasScannedForEncodings = 0;
			knownRegions = (
				en,
				Base,
			);
			mainGroup = 931102B3250D0542007D4AC3;
			productRefGroup = 931102BD250D0542007D4AC3 /* Products */;
			projectDirPath = "";
			projectRoot = "";
			targets = (
				931102BB250D0542007D4AC3 /* Chat_App */,
			);
		};
/* End PBXProject section */

/* Begin PBXResourcesBuildPhase section */
		931102BA250D0542007D4AC3 /* Resources */ = {
			isa = PBXResourcesBuildPhase;
			buildActionMask = 2147483647;
			files = (
				931102CC250D0544007D4AC3 /* LaunchScreen.storyboard in Resources */,
				931102C9250D0544007D4AC3 /* Assets.xcassets in Resources */,
				931102C7250D0542007D4AC3 /* Main.storyboard in Resources */,
			);
			runOnlyForDeploymentPostprocessing = 0;
		};
/* End PBXResourcesBuildPhase section */

/* Begin PBXSourcesBuildPhase section */
		931102B8250D0542007D4AC3 /* Sources */ = {
			isa = PBXSourcesBuildPhase;
			buildActionMask = 2147483647;
			files = (
				931102E3250D0AE3007D4AC3 /* NewConversationVC.swift in Sources */,
				931102E1250D0A92007D4AC3 /* VideoPlayerVC.swift in Sources */,
				931102E8250D1666007D4AC3 /* Extentions.swift in Sources */,
				931102C4250D0542007D4AC3 /* ConversationVC.swift in Sources */,
				931102E5250D0B03007D4AC3 /* ProfileVC.swift in Sources */,
				931102C0250D0542007D4AC3 /* AppDelegate.swift in Sources */,
				931102DA250D0A01007D4AC3 /* LoginVC.swift in Sources */,
				931102DE250D0A61007D4AC3 /* PhotoViewerVC.swift in Sources */,
				931102C2250D0542007D4AC3 /* SceneDelegate.swift in Sources */,
				931102DC250D0A1E007D4AC3 /* RegisterVC.swift in Sources */,
			);
			runOnlyForDeploymentPostprocessing = 0;
		};
/* End PBXSourcesBuildPhase section */

/* Begin PBXVariantGroup section */
		931102C5250D0542007D4AC3 /* Main.storyboard */ = {
			isa = PBXVariantGroup;
			children = (
				931102C6250D0542007D4AC3 /* Base */,
			);
			name = Main.storyboard;
			sourceTree = "<group>";
		};
		931102CA250D0544007D4AC3 /* LaunchScreen.storyboard */ = {
			isa = PBXVariantGroup;
			children = (
				931102CB250D0544007D4AC3 /* Base */,
			);
			name = LaunchScreen.storyboard;
			sourceTree = "<group>";
		};
/* End PBXVariantGroup section */

/* Begin XCBuildConfiguration section */
		931102CE250D0544007D4AC3 /* Debug */ = {
			isa = XCBuildConfiguration;
			buildSettings = {
				ALWAYS_SEARCH_USER_PATHS = NO;
				CLANG_ANALYZER_NONNULL = YES;
				CLANG_ANALYZER_NUMBER_OBJECT_CONVERSION = YES_AGGRESSIVE;
				CLANG_CXX_LANGUAGE_STANDARD = "gnu++14";
				CLANG_CXX_LIBRARY = "libc++";
				CLANG_ENABLE_MODULES = YES;
				CLANG_ENABLE_OBJC_ARC = YES;
				CLANG_ENABLE_OBJC_WEAK = YES;
				CLANG_WARN_BLOCK_CAPTURE_AUTORELEASING = YES;
				CLANG_WARN_BOOL_CONVERSION = YES;
				CLANG_WARN_COMMA = YES;
				CLANG_WARN_CONSTANT_CONVERSION = YES;
				CLANG_WARN_DEPRECATED_OBJC_IMPLEMENTATIONS = YES;
				CLANG_WARN_DIRECT_OBJC_ISA_USAGE = YES_ERROR;
				CLANG_WARN_DOCUMENTATION_COMMENTS = YES;
				CLANG_WARN_EMPTY_BODY = YES;
				CLANG_WARN_ENUM_CONVERSION = YES;
				CLANG_WARN_INFINITE_RECURSION = YES;
				CLANG_WARN_INT_CONVERSION = YES;
				CLANG_WARN_NON_LITERAL_NULL_CONVERSION = YES;
				CLANG_WARN_OBJC_IMPLICIT_RETAIN_SELF = YES;
				CLANG_WARN_OBJC_LITERAL_CONVERSION = YES;
				CLANG_WARN_OBJC_ROOT_CLASS = YES_ERROR;
				CLANG_WARN_RANGE_LOOP_ANALYSIS = YES;
				CLANG_WARN_STRICT_PROTOTYPES = YES;
				CLANG_WARN_SUSPICIOUS_MOVE = YES;
				CLANG_WARN_UNGUARDED_AVAILABILITY = YES_AGGRESSIVE;
				CLANG_WARN_UNREACHABLE_CODE = YES;
				CLANG_WARN__DUPLICATE_METHOD_MATCH = YES;
				COPY_PHASE_STRIP = NO;
				DEBUG_INFORMATION_FORMAT = dwarf;
				ENABLE_STRICT_OBJC_MSGSEND = YES;
				ENABLE_TESTABILITY = YES;
				GCC_C_LANGUAGE_STANDARD = gnu11;
				GCC_DYNAMIC_NO_PIC = NO;
				GCC_NO_COMMON_BLOCKS = YES;
				GCC_OPTIMIZATION_LEVEL = 0;
				GCC_PREPROCESSOR_DEFINITIONS = (
					"DEBUG=1",
					"$(inherited)",
				);
				GCC_WARN_64_TO_32_BIT_CONVERSION = YES;
				GCC_WARN_ABOUT_RETURN_TYPE = YES_ERROR;
				GCC_WARN_UNDECLARED_SELECTOR = YES;
				GCC_WARN_UNINITIALIZED_AUTOS = YES_AGGRESSIVE;
				GCC_WARN_UNUSED_FUNCTION = YES;
				GCC_WARN_UNUSED_VARIABLE = YES;
				IPHONEOS_DEPLOYMENT_TARGET = 13.7;
				MTL_ENABLE_DEBUG_INFO = INCLUDE_SOURCE;
				MTL_FAST_MATH = YES;
				ONLY_ACTIVE_ARCH = YES;
				SDKROOT = iphoneos;
				SWIFT_ACTIVE_COMPILATION_CONDITIONS = DEBUG;
				SWIFT_OPTIMIZATION_LEVEL = "-Onone";
			};
			name = Debug;
		};
		931102CF250D0544007D4AC3 /* Release */ = {
			isa = XCBuildConfiguration;
			buildSettings = {
				ALWAYS_SEARCH_USER_PATHS = NO;
				CLANG_ANALYZER_NONNULL = YES;
				CLANG_ANALYZER_NUMBER_OBJECT_CONVERSION = YES_AGGRESSIVE;
				CLANG_CXX_LANGUAGE_STANDARD = "gnu++14";
				CLANG_CXX_LIBRARY = "libc++";
				CLANG_ENABLE_MODULES = YES;
				CLANG_ENABLE_OBJC_ARC = YES;
				CLANG_ENABLE_OBJC_WEAK = YES;
				CLANG_WARN_BLOCK_CAPTURE_AUTORELEASING = YES;
				CLANG_WARN_BOOL_CONVERSION = YES;
				CLANG_WARN_COMMA = YES;
				CLANG_WARN_CONSTANT_CONVERSION = YES;
				CLANG_WARN_DEPRECATED_OBJC_IMPLEMENTATIONS = YES;
				CLANG_WARN_DIRECT_OBJC_ISA_USAGE = YES_ERROR;
				CLANG_WARN_DOCUMENTATION_COMMENTS = YES;
				CLANG_WARN_EMPTY_BODY = YES;
				CLANG_WARN_ENUM_CONVERSION = YES;
				CLANG_WARN_INFINITE_RECURSION = YES;
				CLANG_WARN_INT_CONVERSION = YES;
				CLANG_WARN_NON_LITERAL_NULL_CONVERSION = YES;
				CLANG_WARN_OBJC_IMPLICIT_RETAIN_SELF = YES;
				CLANG_WARN_OBJC_LITERAL_CONVERSION = YES;
				CLANG_WARN_OBJC_ROOT_CLASS = YES_ERROR;
				CLANG_WARN_RANGE_LOOP_ANALYSIS = YES;
				CLANG_WARN_STRICT_PROTOTYPES = YES;
				CLANG_WARN_SUSPICIOUS_MOVE = YES;
				CLANG_WARN_UNGUARDED_AVAILABILITY = YES_AGGRESSIVE;
				CLANG_WARN_UNREACHABLE_CODE = YES;
				CLANG_WARN__DUPLICATE_METHOD_MATCH = YES;
				COPY_PHASE_STRIP = NO;
				DEBUG_INFORMATION_FORMAT = "dwarf-with-dsym";
				ENABLE_NS_ASSERTIONS = NO;
				ENABLE_STRICT_OBJC_MSGSEND = YES;
				GCC_C_LANGUAGE_STANDARD = gnu11;
				GCC_NO_COMMON_BLOCKS = YES;
				GCC_WARN_64_TO_32_BIT_CONVERSION = YES;
				GCC_WARN_ABOUT_RETURN_TYPE = YES_ERROR;
				GCC_WARN_UNDECLARED_SELECTOR = YES;
				GCC_WARN_UNINITIALIZED_AUTOS = YES_AGGRESSIVE;
				GCC_WARN_UNUSED_FUNCTION = YES;
				GCC_WARN_UNUSED_VARIABLE = YES;
				IPHONEOS_DEPLOYMENT_TARGET = 13.7;
				MTL_ENABLE_DEBUG_INFO = NO;
				MTL_FAST_MATH = YES;
				SDKROOT = iphoneos;
				SWIFT_COMPILATION_MODE = wholemodule;
				SWIFT_OPTIMIZATION_LEVEL = "-O";
				VALIDATE_PRODUCT = YES;
			};
			name = Release;
		};
		931102D1250D0544007D4AC3 /* Debug */ = {
			isa = XCBuildConfiguration;
			buildSettings = {
				ASSETCATALOG_COMPILER_APPICON_NAME = AppIcon;
				CODE_SIGN_STYLE = Automatic;
				DEVELOPMENT_TEAM = 4A7J823U6W;
				INFOPLIST_FILE = Chat_App/Info.plist;
				IPHONEOS_DEPLOYMENT_TARGET = 13.7;
				LD_RUNPATH_SEARCH_PATHS = (
					"$(inherited)",
					"@executable_path/Frameworks",
				);
				PRODUCT_BUNDLE_IDENTIFIER = "com.saadsherif.Chat-App";
				PRODUCT_NAME = "$(TARGET_NAME)";
				SWIFT_VERSION = 5.0;
				TARGETED_DEVICE_FAMILY = "1,2";
			};
			name = Debug;
		};
		931102D2250D0544007D4AC3 /* Release */ = {
			isa = XCBuildConfiguration;
			buildSettings = {
				ASSETCATALOG_COMPILER_APPICON_NAME = AppIcon;
				CODE_SIGN_STYLE = Automatic;
				DEVELOPMENT_TEAM = 4A7J823U6W;
				INFOPLIST_FILE = Chat_App/Info.plist;
				IPHONEOS_DEPLOYMENT_TARGET = 13.7;
				LD_RUNPATH_SEARCH_PATHS = (
					"$(inherited)",
					"@executable_path/Frameworks",
				);
				PRODUCT_BUNDLE_IDENTIFIER = "com.saadsherif.Chat-App";
				PRODUCT_NAME = "$(TARGET_NAME)";
				SWIFT_VERSION = 5.0;
				TARGETED_DEVICE_FAMILY = "1,2";
			};
			name = Release;
		};
/* End XCBuildConfiguration section */

/* Begin XCConfigurationList section */
		931102B7250D0542007D4AC3 /* Build configuration list for PBXProject "Chat_App" */ = {
			isa = XCConfigurationList;
			buildConfigurations = (
				931102CE250D0544007D4AC3 /* Debug */,
				931102CF250D0544007D4AC3 /* Release */,
			);
			defaultConfigurationIsVisible = 0;
			defaultConfigurationName = Release;
		};
		931102D0250D0544007D4AC3 /* Build configuration list for PBXNativeTarget "Chat_App" */ = {
			isa = XCConfigurationList;
			buildConfigurations = (
				931102D1250D0544007D4AC3 /* Debug */,
				931102D2250D0544007D4AC3 /* Release */,
			);
			defaultConfigurationIsVisible = 0;
			defaultConfigurationName = Release;
		};
/* End XCConfigurationList section */
	};
	rootObject = 931102B4250D0542007D4AC3 /* Project object */;
}
